// !$*UTF8*$!
{
	archiveVersion = 1;
	classes = {
	};
	objectVersion = 46;
	objects = {

/* Begin PBXBuildFile section */
		04E9E65A15276930002B4932 /* Foundation.framework in Frameworks */ = {isa = PBXBuildFile; fileRef = 04E9E65915276930002B4932 /* Foundation.framework */; };
		04E9E65C15276930002B4932 /* UIKit.framework in Frameworks */ = {isa = PBXBuildFile; fileRef = 04E9E65B15276930002B4932 /* UIKit.framework */; };
		04E9E65E15276930002B4932 /* CoreGraphics.framework in Frameworks */ = {isa = PBXBuildFile; fileRef = 04E9E65D15276930002B4932 /* CoreGraphics.framework */; };
		04E9E66015276930002B4932 /* AddressBook.framework in Frameworks */ = {isa = PBXBuildFile; fileRef = 04E9E65F15276930002B4932 /* AddressBook.framework */; };
		04E9E66215276930002B4932 /* AddressBookUI.framework in Frameworks */ = {isa = PBXBuildFile; fileRef = 04E9E66115276930002B4932 /* AddressBookUI.framework */; };
		04E9E66415276930002B4932 /* AudioToolbox.framework in Frameworks */ = {isa = PBXBuildFile; fileRef = 04E9E66315276930002B4932 /* AudioToolbox.framework */; };
		04E9E66615276930002B4932 /* AVFoundation.framework in Frameworks */ = {isa = PBXBuildFile; fileRef = 04E9E66515276930002B4932 /* AVFoundation.framework */; };
		04E9E66815276930002B4932 /* CoreLocation.framework in Frameworks */ = {isa = PBXBuildFile; fileRef = 04E9E66715276930002B4932 /* CoreLocation.framework */; };
		04E9E66A15276930002B4932 /* MediaPlayer.framework in Frameworks */ = {isa = PBXBuildFile; fileRef = 04E9E66915276930002B4932 /* MediaPlayer.framework */; };
		04E9E66C15276930002B4932 /* QuartzCore.framework in Frameworks */ = {isa = PBXBuildFile; fileRef = 04E9E66B15276930002B4932 /* QuartzCore.framework */; };
		04E9E66E15276930002B4932 /* SystemConfiguration.framework in Frameworks */ = {isa = PBXBuildFile; fileRef = 04E9E66D15276930002B4932 /* SystemConfiguration.framework */; };
		04E9E67015276930002B4932 /* MobileCoreServices.framework in Frameworks */ = {isa = PBXBuildFile; fileRef = 04E9E66F15276930002B4932 /* MobileCoreServices.framework */; };
		04E9E67215276930002B4932 /* CoreMedia.framework in Frameworks */ = {isa = PBXBuildFile; fileRef = 04E9E67115276930002B4932 /* CoreMedia.framework */; };
		04E9E67815276930002B4932 /* InfoPlist.strings in Resources */ = {isa = PBXBuildFile; fileRef = 04E9E67615276930002B4932 /* InfoPlist.strings */; };
		04E9E67A15276930002B4932 /* main.m in Sources */ = {isa = PBXBuildFile; fileRef = 04E9E67915276930002B4932 /* main.m */; };
		04E9E67D15276930002B4932 /* Cordova.framework in Frameworks */ = {isa = PBXBuildFile; fileRef = 04E9E67C15276930002B4932 /* Cordova.framework */; };
		04E9E68215276930002B4932 /* Localizable.strings in Resources */ = {isa = PBXBuildFile; fileRef = 04E9E68015276930002B4932 /* Localizable.strings */; };
		04E9E68615276930002B4932 /* Localizable.strings in Resources */ = {isa = PBXBuildFile; fileRef = 04E9E68415276930002B4932 /* Localizable.strings */; };
		04E9E68A15276930002B4932 /* Localizable.strings in Resources */ = {isa = PBXBuildFile; fileRef = 04E9E68815276930002B4932 /* Localizable.strings */; };
		04E9E68E15276930002B4932 /* Localizable.strings in Resources */ = {isa = PBXBuildFile; fileRef = 04E9E68C15276930002B4932 /* Localizable.strings */; };
		04E9E69115276930002B4932 /* icon.png in Resources */ = {isa = PBXBuildFile; fileRef = 04E9E69015276930002B4932 /* icon.png */; };
		04E9E69315276930002B4932 /* icon@2x.png in Resources */ = {isa = PBXBuildFile; fileRef = 04E9E69215276930002B4932 /* icon@2x.png */; };
		04E9E69515276930002B4932 /* icon-72.png in Resources */ = {isa = PBXBuildFile; fileRef = 04E9E69415276930002B4932 /* icon-72.png */; };
		04E9E69815276930002B4932 /* Default.png in Resources */ = {isa = PBXBuildFile; fileRef = 04E9E69715276930002B4932 /* Default.png */; };
		04E9E69A15276930002B4932 /* Default@2x.png in Resources */ = {isa = PBXBuildFile; fileRef = 04E9E69915276930002B4932 /* Default@2x.png */; };
		04E9E69C15276930002B4932 /* Capture.bundle in Resources */ = {isa = PBXBuildFile; fileRef = 04E9E69B15276930002B4932 /* Capture.bundle */; };
		04E9E69E15276930002B4932 /* Cordova.plist in Resources */ = {isa = PBXBuildFile; fileRef = 04E9E69D15276930002B4932 /* Cordova.plist */; };
		04E9E6A215276930002B4932 /* AppDelegate.m in Sources */ = {isa = PBXBuildFile; fileRef = 04E9E6A115276930002B4932 /* AppDelegate.m */; };
		04E9E6A515276930002B4932 /* MainViewController.m in Sources */ = {isa = PBXBuildFile; fileRef = 04E9E6A415276930002B4932 /* MainViewController.m */; };
		04E9E6A715276930002B4932 /* MainViewController.xib in Resources */ = {isa = PBXBuildFile; fileRef = 04E9E6A615276930002B4932 /* MainViewController.xib */; };
		04E9E6AB15276930002B4932 /* verify.sh in Resources */ = {isa = PBXBuildFile; fileRef = 04E9E6AA15276930002B4932 /* verify.sh */; };
		04E9E6B215276DBD002B4932 /* www in Resources */ = {isa = PBXBuildFile; fileRef = 04E9E6B115276DBD002B4932 /* www */; };
/* End PBXBuildFile section */

/* Begin PBXFileReference section */
		04E9E65515276930002B4932 /* happstr.app */ = {isa = PBXFileReference; explicitFileType = wrapper.application; includeInIndex = 0; path = happstr.app; sourceTree = BUILT_PRODUCTS_DIR; };
		04E9E65915276930002B4932 /* Foundation.framework */ = {isa = PBXFileReference; lastKnownFileType = wrapper.framework; name = Foundation.framework; path = System/Library/Frameworks/Foundation.framework; sourceTree = SDKROOT; };
		04E9E65B15276930002B4932 /* UIKit.framework */ = {isa = PBXFileReference; lastKnownFileType = wrapper.framework; name = UIKit.framework; path = System/Library/Frameworks/UIKit.framework; sourceTree = SDKROOT; };
		04E9E65D15276930002B4932 /* CoreGraphics.framework */ = {isa = PBXFileReference; lastKnownFileType = wrapper.framework; name = CoreGraphics.framework; path = System/Library/Frameworks/CoreGraphics.framework; sourceTree = SDKROOT; };
		04E9E65F15276930002B4932 /* AddressBook.framework */ = {isa = PBXFileReference; lastKnownFileType = wrapper.framework; name = AddressBook.framework; path = System/Library/Frameworks/AddressBook.framework; sourceTree = SDKROOT; };
		04E9E66115276930002B4932 /* AddressBookUI.framework */ = {isa = PBXFileReference; lastKnownFileType = wrapper.framework; name = AddressBookUI.framework; path = System/Library/Frameworks/AddressBookUI.framework; sourceTree = SDKROOT; };
		04E9E66315276930002B4932 /* AudioToolbox.framework */ = {isa = PBXFileReference; lastKnownFileType = wrapper.framework; name = AudioToolbox.framework; path = System/Library/Frameworks/AudioToolbox.framework; sourceTree = SDKROOT; };
		04E9E66515276930002B4932 /* AVFoundation.framework */ = {isa = PBXFileReference; lastKnownFileType = wrapper.framework; name = AVFoundation.framework; path = System/Library/Frameworks/AVFoundation.framework; sourceTree = SDKROOT; };
		04E9E66715276930002B4932 /* CoreLocation.framework */ = {isa = PBXFileReference; lastKnownFileType = wrapper.framework; name = CoreLocation.framework; path = System/Library/Frameworks/CoreLocation.framework; sourceTree = SDKROOT; };
		04E9E66915276930002B4932 /* MediaPlayer.framework */ = {isa = PBXFileReference; lastKnownFileType = wrapper.framework; name = MediaPlayer.framework; path = System/Library/Frameworks/MediaPlayer.framework; sourceTree = SDKROOT; };
		04E9E66B15276930002B4932 /* QuartzCore.framework */ = {isa = PBXFileReference; lastKnownFileType = wrapper.framework; name = QuartzCore.framework; path = System/Library/Frameworks/QuartzCore.framework; sourceTree = SDKROOT; };
		04E9E66D15276930002B4932 /* SystemConfiguration.framework */ = {isa = PBXFileReference; lastKnownFileType = wrapper.framework; name = SystemConfiguration.framework; path = System/Library/Frameworks/SystemConfiguration.framework; sourceTree = SDKROOT; };
		04E9E66F15276930002B4932 /* MobileCoreServices.framework */ = {isa = PBXFileReference; lastKnownFileType = wrapper.framework; name = MobileCoreServices.framework; path = System/Library/Frameworks/MobileCoreServices.framework; sourceTree = SDKROOT; };
		04E9E67115276930002B4932 /* CoreMedia.framework */ = {isa = PBXFileReference; lastKnownFileType = wrapper.framework; name = CoreMedia.framework; path = System/Library/Frameworks/CoreMedia.framework; sourceTree = SDKROOT; };
		04E9E67515276930002B4932 /* happstr-Info.plist */ = {isa = PBXFileReference; lastKnownFileType = text.plist.xml; path = "happstr-Info.plist"; sourceTree = "<group>"; };
		04E9E67715276930002B4932 /* en */ = {isa = PBXFileReference; lastKnownFileType = text.plist.strings; name = en; path = en.lproj/InfoPlist.strings; sourceTree = "<group>"; };
		04E9E67915276930002B4932 /* main.m */ = {isa = PBXFileReference; lastKnownFileType = sourcecode.c.objc; path = main.m; sourceTree = "<group>"; };
		04E9E67B15276930002B4932 /* happstr-Prefix.pch */ = {isa = PBXFileReference; lastKnownFileType = sourcecode.c.h; path = "happstr-Prefix.pch"; sourceTree = "<group>"; };
		04E9E67C15276930002B4932 /* Cordova.framework */ = {isa = PBXFileReference; lastKnownFileType = wrapper.framework; name = Cordova.framework; path = /Users/Shared/Cordova/Frameworks/Cordova.framework; sourceTree = "<absolute>"; };
		04E9E68115276930002B4932 /* en */ = {isa = PBXFileReference; lastKnownFileType = text.plist.strings; name = en; path = Resources/en.lproj/Localizable.strings; sourceTree = "<group>"; };
		04E9E68515276930002B4932 /* es */ = {isa = PBXFileReference; lastKnownFileType = text.plist.strings; name = es; path = Resources/es.lproj/Localizable.strings; sourceTree = "<group>"; };
		04E9E68915276930002B4932 /* de */ = {isa = PBXFileReference; lastKnownFileType = text.plist.strings; name = de; path = Resources/de.lproj/Localizable.strings; sourceTree = "<group>"; };
		04E9E68D15276930002B4932 /* se */ = {isa = PBXFileReference; lastKnownFileType = text.plist.strings; name = se; path = Resources/se.lproj/Localizable.strings; sourceTree = "<group>"; };
		04E9E69015276930002B4932 /* icon.png */ = {isa = PBXFileReference; lastKnownFileType = image.png; name = icon.png; path = Resources/icons/icon.png; sourceTree = "<group>"; };
		04E9E69215276930002B4932 /* icon@2x.png */ = {isa = PBXFileReference; lastKnownFileType = image.png; name = "icon@2x.png"; path = "Resources/icons/icon@2x.png"; sourceTree = "<group>"; };
		04E9E69415276930002B4932 /* icon-72.png */ = {isa = PBXFileReference; lastKnownFileType = image.png; name = "icon-72.png"; path = "Resources/icons/icon-72.png"; sourceTree = "<group>"; };
		04E9E69715276930002B4932 /* Default.png */ = {isa = PBXFileReference; lastKnownFileType = image.png; name = Default.png; path = Resources/splash/Default.png; sourceTree = "<group>"; };
		04E9E69915276930002B4932 /* Default@2x.png */ = {isa = PBXFileReference; lastKnownFileType = image.png; name = "Default@2x.png"; path = "Resources/splash/Default@2x.png"; sourceTree = "<group>"; };
		04E9E69B15276930002B4932 /* Capture.bundle */ = {isa = PBXFileReference; lastKnownFileType = "wrapper.plug-in"; name = Capture.bundle; path = Resources/Capture.bundle; sourceTree = "<group>"; };
		04E9E69D15276930002B4932 /* Cordova.plist */ = {isa = PBXFileReference; lastKnownFileType = text.plist.xml; path = Cordova.plist; sourceTree = "<group>"; };
		04E9E6A015276930002B4932 /* AppDelegate.h */ = {isa = PBXFileReference; lastKnownFileType = sourcecode.c.h; name = AppDelegate.h; path = Classes/AppDelegate.h; sourceTree = "<group>"; };
		04E9E6A115276930002B4932 /* AppDelegate.m */ = {isa = PBXFileReference; lastKnownFileType = sourcecode.c.objc; name = AppDelegate.m; path = Classes/AppDelegate.m; sourceTree = "<group>"; };
		04E9E6A315276930002B4932 /* MainViewController.h */ = {isa = PBXFileReference; lastKnownFileType = sourcecode.c.h; name = MainViewController.h; path = Classes/MainViewController.h; sourceTree = "<group>"; };
		04E9E6A415276930002B4932 /* MainViewController.m */ = {isa = PBXFileReference; lastKnownFileType = sourcecode.c.objc; name = MainViewController.m; path = Classes/MainViewController.m; sourceTree = "<group>"; };
		04E9E6A615276930002B4932 /* MainViewController.xib */ = {isa = PBXFileReference; lastKnownFileType = file.xib; name = MainViewController.xib; path = Classes/MainViewController.xib; sourceTree = "<group>"; };
		04E9E6A915276930002B4932 /* README */ = {isa = PBXFileReference; lastKnownFileType = text; name = README; path = Plugins/README; sourceTree = "<group>"; };
		04E9E6AA15276930002B4932 /* verify.sh */ = {isa = PBXFileReference; lastKnownFileType = text.script.sh; path = verify.sh; sourceTree = "<group>"; };
		04E9E6B115276DBD002B4932 /* www */ = {isa = PBXFileReference; lastKnownFileType = folder; path = www; sourceTree = "<group>"; };
/* End PBXFileReference section */

/* Begin PBXFrameworksBuildPhase section */
		04E9E64F1527692F002B4932 /* Frameworks */ = {
			isa = PBXFrameworksBuildPhase;
			buildActionMask = 2147483647;
			files = (
				04E9E65A15276930002B4932 /* Foundation.framework in Frameworks */,
				04E9E65C15276930002B4932 /* UIKit.framework in Frameworks */,
				04E9E65E15276930002B4932 /* CoreGraphics.framework in Frameworks */,
				04E9E66015276930002B4932 /* AddressBook.framework in Frameworks */,
				04E9E66215276930002B4932 /* AddressBookUI.framework in Frameworks */,
				04E9E66415276930002B4932 /* AudioToolbox.framework in Frameworks */,
				04E9E66615276930002B4932 /* AVFoundation.framework in Frameworks */,
				04E9E66815276930002B4932 /* CoreLocation.framework in Frameworks */,
				04E9E66A15276930002B4932 /* MediaPlayer.framework in Frameworks */,
				04E9E66C15276930002B4932 /* QuartzCore.framework in Frameworks */,
				04E9E66E15276930002B4932 /* SystemConfiguration.framework in Frameworks */,
				04E9E67015276930002B4932 /* MobileCoreServices.framework in Frameworks */,
				04E9E67215276930002B4932 /* CoreMedia.framework in Frameworks */,
				04E9E67D15276930002B4932 /* Cordova.framework in Frameworks */,
			);
			runOnlyForDeploymentPostprocessing = 0;
		};
		04E9E6521527692F002B4932 /* Frameworks */ = {
			isa = PBXFrameworksBuildPhase;
			buildActionMask = 2147483647;
			files = (
			);
			runOnlyForDeploymentPostprocessing = 0;
		};
/* End PBXFrameworksBuildPhase section */

/* Begin PBXGroup section */
		04E9E6471527692F002B4932 = {
			isa = PBXGroup;
			children = (
				04E9E6B115276DBD002B4932 /* www */,
				04E9E67315276930002B4932 /* happstr */,
				04E9E65815276930002B4932 /* Frameworks */,
				04E9E65615276930002B4932 /* Products */,
			);
			sourceTree = "<group>";
		};
		04E9E65615276930002B4932 /* Products */ = {
			isa = PBXGroup;
			children = (
				04E9E65515276930002B4932 /* happstr.app */,
			);
			name = Products;
			sourceTree = "<group>";
		};
		04E9E65815276930002B4932 /* Frameworks */ = {
			isa = PBXGroup;
			children = (
				04E9E65915276930002B4932 /* Foundation.framework */,
				04E9E65B15276930002B4932 /* UIKit.framework */,
				04E9E65D15276930002B4932 /* CoreGraphics.framework */,
				04E9E65F15276930002B4932 /* AddressBook.framework */,
				04E9E66115276930002B4932 /* AddressBookUI.framework */,
				04E9E66315276930002B4932 /* AudioToolbox.framework */,
				04E9E66515276930002B4932 /* AVFoundation.framework */,
				04E9E66715276930002B4932 /* CoreLocation.framework */,
				04E9E66915276930002B4932 /* MediaPlayer.framework */,
				04E9E66B15276930002B4932 /* QuartzCore.framework */,
				04E9E66D15276930002B4932 /* SystemConfiguration.framework */,
				04E9E66F15276930002B4932 /* MobileCoreServices.framework */,
				04E9E67115276930002B4932 /* CoreMedia.framework */,
			);
			name = Frameworks;
			sourceTree = "<group>";
		};
		04E9E67315276930002B4932 /* happstr */ = {
			isa = PBXGroup;
			children = (
				04E9E67C15276930002B4932 /* Cordova.framework */,
				04E9E67E15276930002B4932 /* Resources */,
				04E9E69F15276930002B4932 /* Classes */,
				04E9E6A815276930002B4932 /* Plugins */,
				04E9E67415276930002B4932 /* Supporting Files */,
			);
			path = happstr;
			sourceTree = "<group>";
		};
		04E9E67415276930002B4932 /* Supporting Files */ = {
			isa = PBXGroup;
			children = (
				04E9E67515276930002B4932 /* happstr-Info.plist */,
				04E9E67615276930002B4932 /* InfoPlist.strings */,
				04E9E67915276930002B4932 /* main.m */,
				04E9E67B15276930002B4932 /* happstr-Prefix.pch */,
				04E9E69D15276930002B4932 /* Cordova.plist */,
				04E9E6A615276930002B4932 /* MainViewController.xib */,
				04E9E6AA15276930002B4932 /* verify.sh */,
			);
			name = "Supporting Files";
			sourceTree = "<group>";
		};
		04E9E67E15276930002B4932 /* Resources */ = {
			isa = PBXGroup;
			children = (
				04E9E69B15276930002B4932 /* Capture.bundle */,
				04E9E67F15276930002B4932 /* en.lproj */,
				04E9E68315276930002B4932 /* es.lproj */,
				04E9E68715276930002B4932 /* de.lproj */,
				04E9E68B15276930002B4932 /* se.lproj */,
				04E9E68F15276930002B4932 /* icons */,
				04E9E69615276930002B4932 /* splash */,
			);
			name = Resources;
			sourceTree = "<group>";
		};
		04E9E67F15276930002B4932 /* en.lproj */ = {
			isa = PBXGroup;
			children = (
				04E9E68015276930002B4932 /* Localizable.strings */,
			);
			name = en.lproj;
			sourceTree = "<group>";
		};
		04E9E68315276930002B4932 /* es.lproj */ = {
			isa = PBXGroup;
			children = (
				04E9E68415276930002B4932 /* Localizable.strings */,
			);
			name = es.lproj;
			sourceTree = "<group>";
		};
		04E9E68715276930002B4932 /* de.lproj */ = {
			isa = PBXGroup;
			children = (
				04E9E68815276930002B4932 /* Localizable.strings */,
			);
			name = de.lproj;
			sourceTree = "<group>";
		};
		04E9E68B15276930002B4932 /* se.lproj */ = {
			isa = PBXGroup;
			children = (
				04E9E68C15276930002B4932 /* Localizable.strings */,
			);
			name = se.lproj;
			sourceTree = "<group>";
		};
		04E9E68F15276930002B4932 /* icons */ = {
			isa = PBXGroup;
			children = (
				04E9E69015276930002B4932 /* icon.png */,
				04E9E69215276930002B4932 /* icon@2x.png */,
				04E9E69415276930002B4932 /* icon-72.png */,
			);
			name = icons;
			sourceTree = "<group>";
		};
		04E9E69615276930002B4932 /* splash */ = {
			isa = PBXGroup;
			children = (
				04E9E69715276930002B4932 /* Default.png */,
				04E9E69915276930002B4932 /* Default@2x.png */,
			);
			name = splash;
			sourceTree = "<group>";
		};
		04E9E69F15276930002B4932 /* Classes */ = {
			isa = PBXGroup;
			children = (
				04E9E6A015276930002B4932 /* AppDelegate.h */,
				04E9E6A115276930002B4932 /* AppDelegate.m */,
				04E9E6A315276930002B4932 /* MainViewController.h */,
				04E9E6A415276930002B4932 /* MainViewController.m */,
			);
			name = Classes;
			sourceTree = "<group>";
		};
		04E9E6A815276930002B4932 /* Plugins */ = {
			isa = PBXGroup;
			children = (
				04E9E6A915276930002B4932 /* README */,
			);
			name = Plugins;
			sourceTree = "<group>";
		};
/* End PBXGroup section */

/* Begin PBXNativeTarget section */
		04E9E6541527692F002B4932 /* happstr */ = {
			isa = PBXNativeTarget;
			buildConfigurationList = 04E9E6AE15276930002B4932 /* Build configuration list for PBXNativeTarget "happstr" */;
			buildPhases = (
				04E9E64E1527692F002B4932 /* Sources */,
				04E9E64F1527692F002B4932 /* Frameworks */,
				04E9E6501527692F002B4932 /* Resources */,
				04E9E6511527692F002B4932 /* Sources */,
				04E9E6521527692F002B4932 /* Frameworks */,
				04E9E6531527692F002B4932 /* ShellScript */,
			);
			buildRules = (
			);
			dependencies = (
			);
			name = happstr;
			productName = happstr;
			productReference = 04E9E65515276930002B4932 /* happstr.app */;
			productType = "com.apple.product-type.application";
		};
/* End PBXNativeTarget section */

/* Begin PBXProject section */
		04E9E6491527692F002B4932 /* Project object */ = {
			isa = PBXProject;
			attributes = {
				LastUpgradeCheck = 0430;
			};
			buildConfigurationList = 04E9E64C1527692F002B4932 /* Build configuration list for PBXProject "happstr" */;
			compatibilityVersion = "Xcode 3.2";
			developmentRegion = English;
			hasScannedForEncodings = 0;
			knownRegions = (
				en,
				es,
				de,
				se,
			);
			mainGroup = 04E9E6471527692F002B4932;
			productRefGroup = 04E9E65615276930002B4932 /* Products */;
			projectDirPath = "";
			projectRoot = "";
			targets = (
				04E9E6541527692F002B4932 /* happstr */,
			);
		};
/* End PBXProject section */

/* Begin PBXResourcesBuildPhase section */
		04E9E6501527692F002B4932 /* Resources */ = {
			isa = PBXResourcesBuildPhase;
			buildActionMask = 2147483647;
			files = (
				04E9E67815276930002B4932 /* InfoPlist.strings in Resources */,
				04E9E68215276930002B4932 /* Localizable.strings in Resources */,
				04E9E68615276930002B4932 /* Localizable.strings in Resources */,
				04E9E68A15276930002B4932 /* Localizable.strings in Resources */,
				04E9E68E15276930002B4932 /* Localizable.strings in Resources */,
				04E9E69115276930002B4932 /* icon.png in Resources */,
				04E9E69315276930002B4932 /* icon@2x.png in Resources */,
				04E9E69515276930002B4932 /* icon-72.png in Resources */,
				04E9E69815276930002B4932 /* Default.png in Resources */,
				04E9E69A15276930002B4932 /* Default@2x.png in Resources */,
				04E9E69C15276930002B4932 /* Capture.bundle in Resources */,
				04E9E69E15276930002B4932 /* Cordova.plist in Resources */,
				04E9E6A715276930002B4932 /* MainViewController.xib in Resources */,
				04E9E6AB15276930002B4932 /* verify.sh in Resources */,
				04E9E6B215276DBD002B4932 /* www in Resources */,
			);
			runOnlyForDeploymentPostprocessing = 0;
		};
/* End PBXResourcesBuildPhase section */

/* Begin PBXShellScriptBuildPhase section */
		04E9E6531527692F002B4932 /* ShellScript */ = {
			isa = PBXShellScriptBuildPhase;
			buildActionMask = 2147483647;
			files = (
			);
			inputPaths = (
			);
			outputPaths = (
			);
			runOnlyForDeploymentPostprocessing = 0;
			shellPath = /bin/bash;
			shellScript = "\n\t\t\t\t\t\t\t\tchmod 755 $PROJECT_DIR/$PROJECT_NAME/verify.sh\n\t\t\t\t\t\t\t\t$PROJECT_DIR/$PROJECT_NAME/verify.sh\n\t\t\t\t\t";
		};
/* End PBXShellScriptBuildPhase section */

/* Begin PBXSourcesBuildPhase section */
		04E9E64E1527692F002B4932 /* Sources */ = {
			isa = PBXSourcesBuildPhase;
			buildActionMask = 2147483647;
			files = (
				04E9E67A15276930002B4932 /* main.m in Sources */,
				04E9E6A215276930002B4932 /* AppDelegate.m in Sources */,
				04E9E6A515276930002B4932 /* MainViewController.m in Sources */,
			);
			runOnlyForDeploymentPostprocessing = 0;
		};
		04E9E6511527692F002B4932 /* Sources */ = {
			isa = PBXSourcesBuildPhase;
			buildActionMask = 2147483647;
			files = (
			);
			runOnlyForDeploymentPostprocessing = 0;
		};
/* End PBXSourcesBuildPhase section */

/* Begin PBXVariantGroup section */
		04E9E67615276930002B4932 /* InfoPlist.strings */ = {
			isa = PBXVariantGroup;
			children = (
				04E9E67715276930002B4932 /* en */,
			);
			name = InfoPlist.strings;
			sourceTree = "<group>";
		};
		04E9E68015276930002B4932 /* Localizable.strings */ = {
			isa = PBXVariantGroup;
			children = (
				04E9E68115276930002B4932 /* en */,
			);
			name = Localizable.strings;
			sourceTree = "<group>";
		};
		04E9E68415276930002B4932 /* Localizable.strings */ = {
			isa = PBXVariantGroup;
			children = (
				04E9E68515276930002B4932 /* es */,
			);
			name = Localizable.strings;
			sourceTree = "<group>";
		};
		04E9E68815276930002B4932 /* Localizable.strings */ = {
			isa = PBXVariantGroup;
			children = (
				04E9E68915276930002B4932 /* de */,
			);
			name = Localizable.strings;
			sourceTree = "<group>";
		};
		04E9E68C15276930002B4932 /* Localizable.strings */ = {
			isa = PBXVariantGroup;
			children = (
				04E9E68D15276930002B4932 /* se */,
			);
			name = Localizable.strings;
			sourceTree = "<group>";
		};
/* End PBXVariantGroup section */

/* Begin XCBuildConfiguration section */
		04E9E6AC15276930002B4932 /* Debug */ = {
			isa = XCBuildConfiguration;
			buildSettings = {
				ALWAYS_SEARCH_USER_PATHS = NO;
				ARCHS = (
					armv6,
					"$(ARCHS_STANDARD_32_BIT)",
				);
				CLANG_ENABLE_OBJC_ARC = NO;
				"CODE_SIGN_IDENTITY[sdk=iphoneos*]" = "iPhone Developer";
				COPY_PHASE_STRIP = NO;
				GCC_C_LANGUAGE_STANDARD = gnu99;
				GCC_DYNAMIC_NO_PIC = NO;
				GCC_OPTIMIZATION_LEVEL = 0;
				GCC_PREPROCESSOR_DEFINITIONS = (
					"DEBUG=1",
					"$(inherited)",
				);
				GCC_SYMBOLS_PRIVATE_EXTERN = NO;
				GCC_THUMB_SUPPORT = NO;
				GCC_VERSION = com.apple.compilers.llvm.clang.1_0;
				GCC_WARN_ABOUT_RETURN_TYPE = YES;
				GCC_WARN_UNINITIALIZED_AUTOS = YES;
				GCC_WARN_UNUSED_VARIABLE = YES;
				IPHONEOS_DEPLOYMENT_TARGET = 3.0;
				SDKROOT = iphoneos;
			};
			name = Debug;
		};
		04E9E6AD15276930002B4932 /* Release */ = {
			isa = XCBuildConfiguration;
			buildSettings = {
				ALWAYS_SEARCH_USER_PATHS = NO;
				ARCHS = (
					armv6,
					"$(ARCHS_STANDARD_32_BIT)",
				);
				CLANG_ENABLE_OBJC_ARC = NO;
				"CODE_SIGN_IDENTITY[sdk=iphoneos*]" = "iPhone Developer";
				COPY_PHASE_STRIP = YES;
				GCC_C_LANGUAGE_STANDARD = gnu99;
				GCC_THUMB_SUPPORT = NO;
				GCC_VERSION = com.apple.compilers.llvm.clang.1_0;
				GCC_WARN_ABOUT_RETURN_TYPE = YES;
				GCC_WARN_UNINITIALIZED_AUTOS = YES;
				GCC_WARN_UNUSED_VARIABLE = YES;
				IPHONEOS_DEPLOYMENT_TARGET = 3.0;
				SDKROOT = iphoneos;
				VALIDATE_PRODUCT = YES;
			};
			name = Release;
		};
		04E9E6AF15276930002B4932 /* Debug */ = {
			isa = XCBuildConfiguration;
			buildSettings = {
				ALWAYS_SEARCH_USER_PATHS = YES;
				COPY_PHASE_STRIP = NO;
				FRAMEWORK_SEARCH_PATHS = /Users/Shared/Cordova/Frameworks;
				GCC_DYNAMIC_NO_PIC = NO;
				GCC_PRECOMPILE_PREFIX_HEADER = YES;
				GCC_PREFIX_HEADER = "happstr/happstr-Prefix.pch";
				GCC_PREPROCESSOR_DEFINITIONS = (
					"DEBUG=1,",
					"CORDOVA_FRAMEWORK=1",
				);
				GCC_THUMB_SUPPORT = NO;
				INFOPLIST_FILE = "happstr/happstr-Info.plist";
				OTHER_LDFLAGS = (
					"-weak_framework",
					UIKit,
					"-weak_framework",
					AVFoundation,
					"-weak_framework",
					CoreMedia,
					"-weak_library",
					/usr/lib/libSystem.B.dylib,
				);
				PRODUCT_NAME = "$(TARGET_NAME)";
				TARGETED_DEVICE_FAMILY = "1,2";
				WRAPPER_EXTENSION = app;
			};
			name = Debug;
		};
		04E9E6B015276930002B4932 /* Release */ = {
			isa = XCBuildConfiguration;
			buildSettings = {
				ALWAYS_SEARCH_USER_PATHS = YES;
				COPY_PHASE_STRIP = YES;
				DEBUG_INFORMATION_FORMAT = "dwarf-with-dsym";
				FRAMEWORK_SEARCH_PATHS = /Users/Shared/Cordova/Frameworks;
				GCC_PRECOMPILE_PREFIX_HEADER = YES;
				GCC_PREFIX_HEADER = "happstr/happstr-Prefix.pch";
				GCC_PREPROCESSOR_DEFINITIONS = (
					"NDEBUG=1,",
					"CORDOVA_FRAMEWORK=1",
				);
				GCC_THUMB_SUPPORT = NO;
				INFOPLIST_FILE = "happstr/happstr-Info.plist";
				OTHER_LDFLAGS = (
					"-weak_framework",
					UIKit,
					"-weak_framework",
					AVFoundation,
					"-weak_framework",
					CoreMedia,
					"-weak_library",
					/usr/lib/libSystem.B.dylib,
				);
				PRODUCT_NAME = "$(TARGET_NAME)";
				TARGETED_DEVICE_FAMILY = "1,2";
				VALIDATE_PRODUCT = YES;
				WRAPPER_EXTENSION = app;
			};
			name = Release;
		};
/* End XCBuildConfiguration section */

/* Begin XCConfigurationList section */
		04E9E64C1527692F002B4932 /* Build configuration list for PBXProject "happstr" */ = {
			isa = XCConfigurationList;
			buildConfigurations = (
				04E9E6AC15276930002B4932 /* Debug */,
				04E9E6AD15276930002B4932 /* Release */,
			);
			defaultConfigurationIsVisible = 0;
			defaultConfigurationName = Release;
		};
		04E9E6AE15276930002B4932 /* Build configuration list for PBXNativeTarget "happstr" */ = {
			isa = XCConfigurationList;
			buildConfigurations = (
				04E9E6AF15276930002B4932 /* Debug */,
				04E9E6B015276930002B4932 /* Release */,
			);
			defaultConfigurationIsVisible = 0;
		};
/* End XCConfigurationList section */
	};
	rootObject = 04E9E6491527692F002B4932 /* Project object */;
}
